// !$*UTF8*$!
{
	archiveVersion = 1;
	classes = {
	};
	objectVersion = 55;
	objects = {

/* Begin PBXBuildFile section */
		27EC728427C827D1006CCAF7 /* AppDelegate.swift in Sources */ = {isa = PBXBuildFile; fileRef = 27EC728327C827D1006CCAF7 /* AppDelegate.swift */; };
		27EC728627C827D1006CCAF7 /* SceneDelegate.swift in Sources */ = {isa = PBXBuildFile; fileRef = 27EC728527C827D1006CCAF7 /* SceneDelegate.swift */; };
		27EC728827C827D1006CCAF7 /* ViewController.swift in Sources */ = {isa = PBXBuildFile; fileRef = 27EC728727C827D1006CCAF7 /* ViewController.swift */; };
		27EC728B27C827D1006CCAF7 /* Main.storyboard in Resources */ = {isa = PBXBuildFile; fileRef = 27EC728927C827D1006CCAF7 /* Main.storyboard */; };
		27EC728D27C827D3006CCAF7 /* Assets.xcassets in Resources */ = {isa = PBXBuildFile; fileRef = 27EC728C27C827D3006CCAF7 /* Assets.xcassets */; };
		27EC729027C827D3006CCAF7 /* LaunchScreen.storyboard in Resources */ = {isa = PBXBuildFile; fileRef = 27EC728E27C827D3006CCAF7 /* LaunchScreen.storyboard */; };
		27EC729B27C827D3006CCAF7 /* HuntTests.swift in Sources */ = {isa = PBXBuildFile; fileRef = 27EC729A27C827D3006CCAF7 /* HuntTests.swift */; };
		27EC72A527C827D4006CCAF7 /* HuntUITests.swift in Sources */ = {isa = PBXBuildFile; fileRef = 27EC72A427C827D4006CCAF7 /* HuntUITests.swift */; };
		27EC72A727C827D4006CCAF7 /* HuntUITestsLaunchTests.swift in Sources */ = {isa = PBXBuildFile; fileRef = 27EC72A627C827D4006CCAF7 /* HuntUITestsLaunchTests.swift */; };
/* End PBXBuildFile section */

/* Begin PBXContainerItemProxy section */
		27EC729727C827D3006CCAF7 /* PBXContainerItemProxy */ = {
			isa = PBXContainerItemProxy;
			containerPortal = 27EC727827C827D1006CCAF7 /* Project object */;
			proxyType = 1;
			remoteGlobalIDString = 27EC727F27C827D1006CCAF7;
			remoteInfo = Hunt;
		};
		27EC72A127C827D4006CCAF7 /* PBXContainerItemProxy */ = {
			isa = PBXContainerItemProxy;
			containerPortal = 27EC727827C827D1006CCAF7 /* Project object */;
			proxyType = 1;
			remoteGlobalIDString = 27EC727F27C827D1006CCAF7;
			remoteInfo = Hunt;
		};
/* End PBXContainerItemProxy section */

/* Begin PBXFileReference section */
		27EC728027C827D1006CCAF7 /* Hunt.app */ = {isa = PBXFileReference; explicitFileType = wrapper.application; includeInIndex = 0; path = Hunt.app; sourceTree = BUILT_PRODUCTS_DIR; };
		27EC728327C827D1006CCAF7 /* AppDelegate.swift */ = {isa = PBXFileReference; lastKnownFileType = sourcecode.swift; path = AppDelegate.swift; sourceTree = "<group>"; };
		27EC728527C827D1006CCAF7 /* SceneDelegate.swift */ = {isa = PBXFileReference; lastKnownFileType = sourcecode.swift; path = SceneDelegate.swift; sourceTree = "<group>"; };
		27EC728727C827D1006CCAF7 /* ViewController.swift */ = {isa = PBXFileReference; lastKnownFileType = sourcecode.swift; path = ViewController.swift; sourceTree = "<group>"; };
		27EC728A27C827D1006CCAF7 /* Base */ = {isa = PBXFileReference; lastKnownFileType = file.storyboard; name = Base; path = Base.lproj/Main.storyboard; sourceTree = "<group>"; };
		27EC728C27C827D3006CCAF7 /* Assets.xcassets */ = {isa = PBXFileReference; lastKnownFileType = folder.assetcatalog; path = Assets.xcassets; sourceTree = "<group>"; };
		27EC728F27C827D3006CCAF7 /* Base */ = {isa = PBXFileReference; lastKnownFileType = file.storyboard; name = Base; path = Base.lproj/LaunchScreen.storyboard; sourceTree = "<group>"; };
		27EC729127C827D3006CCAF7 /* Info.plist */ = {isa = PBXFileReference; lastKnownFileType = text.plist.xml; path = Info.plist; sourceTree = "<group>"; };
		27EC729627C827D3006CCAF7 /* HuntTests.xctest */ = {isa = PBXFileReference; explicitFileType = wrapper.cfbundle; includeInIndex = 0; path = HuntTests.xctest; sourceTree = BUILT_PRODUCTS_DIR; };
		27EC729A27C827D3006CCAF7 /* HuntTests.swift */ = {isa = PBXFileReference; lastKnownFileType = sourcecode.swift; path = HuntTests.swift; sourceTree = "<group>"; };
		27EC72A027C827D4006CCAF7 /* HuntUITests.xctest */ = {isa = PBXFileReference; explicitFileType = wrapper.cfbundle; includeInIndex = 0; path = HuntUITests.xctest; sourceTree = BUILT_PRODUCTS_DIR; };
		27EC72A427C827D4006CCAF7 /* HuntUITests.swift */ = {isa = PBXFileReference; lastKnownFileType = sourcecode.swift; path = HuntUITests.swift; sourceTree = "<group>"; };
		27EC72A627C827D4006CCAF7 /* HuntUITestsLaunchTests.swift */ = {isa = PBXFileReference; lastKnownFileType = sourcecode.swift; path = HuntUITestsLaunchTests.swift; sourceTree = "<group>"; };
/* End PBXFileReference section */

/* Begin PBXFrameworksBuildPhase section */
		27EC727D27C827D1006CCAF7 /* Frameworks */ = {
			isa = PBXFrameworksBuildPhase;
			buildActionMask = 2147483647;
			files = (
			);
			runOnlyForDeploymentPostprocessing = 0;
		};
		27EC729327C827D3006CCAF7 /* Frameworks */ = {
			isa = PBXFrameworksBuildPhase;
			buildActionMask = 2147483647;
			files = (
			);
			runOnlyForDeploymentPostprocessing = 0;
		};
		27EC729D27C827D4006CCAF7 /* Frameworks */ = {
			isa = PBXFrameworksBuildPhase;
			buildActionMask = 2147483647;
			files = (
			);
			runOnlyForDeploymentPostprocessing = 0;
		};
/* End PBXFrameworksBuildPhase section */

/* Begin PBXGroup section */
		27EC727727C827D1006CCAF7 = {
			isa = PBXGroup;
			children = (
				27EC728227C827D1006CCAF7 /* Hunt */,
				27EC729927C827D3006CCAF7 /* HuntTests */,
				27EC72A327C827D4006CCAF7 /* HuntUITests */,
				27EC728127C827D1006CCAF7 /* Products */,
			);
			sourceTree = "<group>";
		};
		27EC728127C827D1006CCAF7 /* Products */ = {
			isa = PBXGroup;
			children = (
				27EC728027C827D1006CCAF7 /* Hunt.app */,
				27EC729627C827D3006CCAF7 /* HuntTests.xctest */,
				27EC72A027C827D4006CCAF7 /* HuntUITests.xctest */,
			);
			name = Products;
			sourceTree = "<group>";
		};
		27EC728227C827D1006CCAF7 /* Hunt */ = {
			isa = PBXGroup;
			children = (
				27EC728327C827D1006CCAF7 /* AppDelegate.swift */,
				27EC728527C827D1006CCAF7 /* SceneDelegate.swift */,
				27EC728727C827D1006CCAF7 /* ViewController.swift */,
				27EC728927C827D1006CCAF7 /* Main.storyboard */,
				27EC728C27C827D3006CCAF7 /* Assets.xcassets */,
				27EC728E27C827D3006CCAF7 /* LaunchScreen.storyboard */,
				27EC729127C827D3006CCAF7 /* Info.plist */,
			);
			path = Hunt;
			sourceTree = "<group>";
		};
		27EC729927C827D3006CCAF7 /* HuntTests */ = {
			isa = PBXGroup;
			children = (
				27EC729A27C827D3006CCAF7 /* HuntTests.swift */,
			);
			path = HuntTests;
			sourceTree = "<group>";
		};
		27EC72A327C827D4006CCAF7 /* HuntUITests */ = {
			isa = PBXGroup;
			children = (
				27EC72A427C827D4006CCAF7 /* HuntUITests.swift */,
				27EC72A627C827D4006CCAF7 /* HuntUITestsLaunchTests.swift */,
			);
			path = HuntUITests;
			sourceTree = "<group>";
		};
/* End PBXGroup section */

/* Begin PBXNativeTarget section */
		27EC727F27C827D1006CCAF7 /* Hunt */ = {
			isa = PBXNativeTarget;
			buildConfigurationList = 27EC72AA27C827D4006CCAF7 /* Build configuration list for PBXNativeTarget "Hunt" */;
			buildPhases = (
				27EC727C27C827D1006CCAF7 /* Sources */,
				27EC727D27C827D1006CCAF7 /* Frameworks */,
				27EC727E27C827D1006CCAF7 /* Resources */,
			);
			buildRules = (
			);
			dependencies = (
			);
			name = Hunt;
			productName = Hunt;
			productReference = 27EC728027C827D1006CCAF7 /* Hunt.app */;
			productType = "com.apple.product-type.application";
		};
		27EC729527C827D3006CCAF7 /* HuntTests */ = {
			isa = PBXNativeTarget;
			buildConfigurationList = 27EC72AD27C827D4006CCAF7 /* Build configuration list for PBXNativeTarget "HuntTests" */;
			buildPhases = (
				27EC729227C827D3006CCAF7 /* Sources */,
				27EC729327C827D3006CCAF7 /* Frameworks */,
				27EC729427C827D3006CCAF7 /* Resources */,
			);
			buildRules = (
			);
			dependencies = (
				27EC729827C827D3006CCAF7 /* PBXTargetDependency */,
			);
			name = HuntTests;
			productName = HuntTests;
			productReference = 27EC729627C827D3006CCAF7 /* HuntTests.xctest */;
			productType = "com.apple.product-type.bundle.unit-test";
		};
		27EC729F27C827D4006CCAF7 /* HuntUITests */ = {
			isa = PBXNativeTarget;
			buildConfigurationList = 27EC72B027C827D4006CCAF7 /* Build configuration list for PBXNativeTarget "HuntUITests" */;
			buildPhases = (
				27EC729C27C827D4006CCAF7 /* Sources */,
				27EC729D27C827D4006CCAF7 /* Frameworks */,
				27EC729E27C827D4006CCAF7 /* Resources */,
			);
			buildRules = (
			);
			dependencies = (
				27EC72A227C827D4006CCAF7 /* PBXTargetDependency */,
			);
			name = HuntUITests;
			productName = HuntUITests;
			productReference = 27EC72A027C827D4006CCAF7 /* HuntUITests.xctest */;
			productType = "com.apple.product-type.bundle.ui-testing";
		};
/* End PBXNativeTarget section */

/* Begin PBXProject section */
		27EC727827C827D1006CCAF7 /* Project object */ = {
			isa = PBXProject;
			attributes = {
				BuildIndependentTargetsInParallel = 1;
				LastSwiftUpdateCheck = 1320;
				LastUpgradeCheck = 1320;
				TargetAttributes = {
					27EC727F27C827D1006CCAF7 = {
						CreatedOnToolsVersion = 13.2.1;
					};
					27EC729527C827D3006CCAF7 = {
						CreatedOnToolsVersion = 13.2.1;
						TestTargetID = 27EC727F27C827D1006CCAF7;
					};
					27EC729F27C827D4006CCAF7 = {
						CreatedOnToolsVersion = 13.2.1;
						TestTargetID = 27EC727F27C827D1006CCAF7;
					};
				};
			};
			buildConfigurationList = 27EC727B27C827D1006CCAF7 /* Build configuration list for PBXProject "Hunt" */;
			compatibilityVersion = "Xcode 13.0";
			developmentRegion = en;
			hasScannedForEncodings = 0;
			knownRegions = (
				en,
				Base,
			);
			mainGroup = 27EC727727C827D1006CCAF7;
			productRefGroup = 27EC728127C827D1006CCAF7 /* Products */;
			projectDirPath = "";
			projectRoot = "";
			targets = (
				27EC727F27C827D1006CCAF7 /* Hunt */,
				27EC729527C827D3006CCAF7 /* HuntTests */,
				27EC729F27C827D4006CCAF7 /* HuntUITests */,
			);
		};
/* End PBXProject section */

/* Begin PBXResourcesBuildPhase section */
		27EC727E27C827D1006CCAF7 /* Resources */ = {
			isa = PBXResourcesBuildPhase;
			buildActionMask = 2147483647;
			files = (
				27EC729027C827D3006CCAF7 /* LaunchScreen.storyboard in Resources */,
				27EC728D27C827D3006CCAF7 /* Assets.xcassets in Resources */,
				27EC728B27C827D1006CCAF7 /* Main.storyboard in Resources */,
			);
			runOnlyForDeploymentPostprocessing = 0;
		};
		27EC729427C827D3006CCAF7 /* Resources */ = {
			isa = PBXResourcesBuildPhase;
			buildActionMask = 2147483647;
			files = (
			);
			runOnlyForDeploymentPostprocessing = 0;
		};
		27EC729E27C827D4006CCAF7 /* Resources */ = {
			isa = PBXResourcesBuildPhase;
			buildActionMask = 2147483647;
			files = (
			);
			runOnlyForDeploymentPostprocessing = 0;
		};
/* End PBXResourcesBuildPhase section */

/* Begin PBXSourcesBuildPhase section */
		27EC727C27C827D1006CCAF7 /* Sources */ = {
			isa = PBXSourcesBuildPhase;
			buildActionMask = 2147483647;
			files = (
				27EC728827C827D1006CCAF7 /* ViewController.swift in Sources */,
				27EC728427C827D1006CCAF7 /* AppDelegate.swift in Sources */,
				27EC728627C827D1006CCAF7 /* SceneDelegate.swift in Sources */,
			);
			runOnlyForDeploymentPostprocessing = 0;
		};
		27EC729227C827D3006CCAF7 /* Sources */ = {
			isa = PBXSourcesBuildPhase;
			buildActionMask = 2147483647;
			files = (
				27EC729B27C827D3006CCAF7 /* HuntTests.swift in Sources */,
			);
			runOnlyForDeploymentPostprocessing = 0;
		};
		27EC729C27C827D4006CCAF7 /* Sources */ = {
			isa = PBXSourcesBuildPhase;
			buildActionMask = 2147483647;
			files = (
				27EC72A527C827D4006CCAF7 /* HuntUITests.swift in Sources */,
				27EC72A727C827D4006CCAF7 /* HuntUITestsLaunchTests.swift in Sources */,
			);
			runOnlyForDeploymentPostprocessing = 0;
		};
/* End PBXSourcesBuildPhase section */

/* Begin PBXTargetDependency section */
		27EC729827C827D3006CCAF7 /* PBXTargetDependency */ = {
			isa = PBXTargetDependency;
			target = 27EC727F27C827D1006CCAF7 /* Hunt */;
			targetProxy = 27EC729727C827D3006CCAF7 /* PBXContainerItemProxy */;
		};
		27EC72A227C827D4006CCAF7 /* PBXTargetDependency */ = {
			isa = PBXTargetDependency;
			target = 27EC727F27C827D1006CCAF7 /* Hunt */;
			targetProxy = 27EC72A127C827D4006CCAF7 /* PBXContainerItemProxy */;
		};
/* End PBXTargetDependency section */

/* Begin PBXVariantGroup section */
		27EC728927C827D1006CCAF7 /* Main.storyboard */ = {
			isa = PBXVariantGroup;
			children = (
				27EC728A27C827D1006CCAF7 /* Base */,
			);
			name = Main.storyboard;
			sourceTree = "<group>";
		};
		27EC728E27C827D3006CCAF7 /* LaunchScreen.storyboard */ = {
			isa = PBXVariantGroup;
			children = (
				27EC728F27C827D3006CCAF7 /* Base */,
			);
			name = LaunchScreen.storyboard;
			sourceTree = "<group>";
		};
/* End PBXVariantGroup section */

/* Begin XCBuildConfiguration section */
		27EC72A827C827D4006CCAF7 /* Debug */ = {
			isa = XCBuildConfiguration;
			buildSettings = {
				ALWAYS_SEARCH_USER_PATHS = NO;
				CLANG_ANALYZER_NONNULL = YES;
				CLANG_ANALYZER_NUMBER_OBJECT_CONVERSION = YES_AGGRESSIVE;
				CLANG_CXX_LANGUAGE_STANDARD = "gnu++17";
				CLANG_CXX_LIBRARY = "libc++";
				CLANG_ENABLE_MODULES = YES;
				CLANG_ENABLE_OBJC_ARC = YES;
				CLANG_ENABLE_OBJC_WEAK = YES;
				CLANG_WARN_BLOCK_CAPTURE_AUTORELEASING = YES;
				CLANG_WARN_BOOL_CONVERSION = YES;
				CLANG_WARN_COMMA = YES;
				CLANG_WARN_CONSTANT_CONVERSION = YES;
				CLANG_WARN_DEPRECATED_OBJC_IMPLEMENTATIONS = YES;
				CLANG_WARN_DIRECT_OBJC_ISA_USAGE = YES_ERROR;
				CLANG_WARN_DOCUMENTATION_COMMENTS = YES;
				CLANG_WARN_EMPTY_BODY = YES;
				CLANG_WARN_ENUM_CONVERSION = YES;
				CLANG_WARN_INFINITE_RECURSION = YES;
				CLANG_WARN_INT_CONVERSION = YES;
				CLANG_WARN_NON_LITERAL_NULL_CONVERSION = YES;
				CLANG_WARN_OBJC_IMPLICIT_RETAIN_SELF = YES;
				CLANG_WARN_OBJC_LITERAL_CONVERSION = YES;
				CLANG_WARN_OBJC_ROOT_CLASS = YES_ERROR;
				CLANG_WARN_QUOTED_INCLUDE_IN_FRAMEWORK_HEADER = YES;
				CLANG_WARN_RANGE_LOOP_ANALYSIS = YES;
				CLANG_WARN_STRICT_PROTOTYPES = YES;
				CLANG_WARN_SUSPICIOUS_MOVE = YES;
				CLANG_WARN_UNGUARDED_AVAILABILITY = YES_AGGRESSIVE;
				CLANG_WARN_UNREACHABLE_CODE = YES;
				CLANG_WARN__DUPLICATE_METHOD_MATCH = YES;
				COPY_PHASE_STRIP = NO;
				DEBUG_INFORMATION_FORMAT = dwarf;
				ENABLE_STRICT_OBJC_MSGSEND = YES;
				ENABLE_TESTABILITY = YES;
				GCC_C_LANGUAGE_STANDARD = gnu11;
				GCC_DYNAMIC_NO_PIC = NO;
				GCC_NO_COMMON_BLOCKS = YES;
				GCC_OPTIMIZATION_LEVEL = 0;
				GCC_PREPROCESSOR_DEFINITIONS = (
					"DEBUG=1",
					"$(inherited)",
				);
				GCC_WARN_64_TO_32_BIT_CONVERSION = YES;
				GCC_WARN_ABOUT_RETURN_TYPE = YES_ERROR;
				GCC_WARN_UNDECLARED_SELECTOR = YES;
				GCC_WARN_UNINITIALIZED_AUTOS = YES_AGGRESSIVE;
				GCC_WARN_UNUSED_FUNCTION = YES;
				GCC_WARN_UNUSED_VARIABLE = YES;
				IPHONEOS_DEPLOYMENT_TARGET = 15.2;
				MTL_ENABLE_DEBUG_INFO = INCLUDE_SOURCE;
				MTL_FAST_MATH = YES;
				ONLY_ACTIVE_ARCH = YES;
				SDKROOT = iphoneos;
				SWIFT_ACTIVE_COMPILATION_CONDITIONS = DEBUG;
				SWIFT_OPTIMIZATION_LEVEL = "-Onone";
			};
			name = Debug;
		};
		27EC72A927C827D4006CCAF7 /* Release */ = {
			isa = XCBuildConfiguration;
			buildSettings = {
				ALWAYS_SEARCH_USER_PATHS = NO;
				CLANG_ANALYZER_NONNULL = YES;
				CLANG_ANALYZER_NUMBER_OBJECT_CONVERSION = YES_AGGRESSIVE;
				CLANG_CXX_LANGUAGE_STANDARD = "gnu++17";
				CLANG_CXX_LIBRARY = "libc++";
				CLANG_ENABLE_MODULES = YES;
				CLANG_ENABLE_OBJC_ARC = YES;
				CLANG_ENABLE_OBJC_WEAK = YES;
				CLANG_WARN_BLOCK_CAPTURE_AUTORELEASING = YES;
				CLANG_WARN_BOOL_CONVERSION = YES;
				CLANG_WARN_COMMA = YES;
				CLANG_WARN_CONSTANT_CONVERSION = YES;
				CLANG_WARN_DEPRECATED_OBJC_IMPLEMENTATIONS = YES;
				CLANG_WARN_DIRECT_OBJC_ISA_USAGE = YES_ERROR;
				CLANG_WARN_DOCUMENTATION_COMMENTS = YES;
				CLANG_WARN_EMPTY_BODY = YES;
				CLANG_WARN_ENUM_CONVERSION = YES;
				CLANG_WARN_INFINITE_RECURSION = YES;
				CLANG_WARN_INT_CONVERSION = YES;
				CLANG_WARN_NON_LITERAL_NULL_CONVERSION = YES;
				CLANG_WARN_OBJC_IMPLICIT_RETAIN_SELF = YES;
				CLANG_WARN_OBJC_LITERAL_CONVERSION = YES;
				CLANG_WARN_OBJC_ROOT_CLASS = YES_ERROR;
				CLANG_WARN_QUOTED_INCLUDE_IN_FRAMEWORK_HEADER = YES;
				CLANG_WARN_RANGE_LOOP_ANALYSIS = YES;
				CLANG_WARN_STRICT_PROTOTYPES = YES;
				CLANG_WARN_SUSPICIOUS_MOVE = YES;
				CLANG_WARN_UNGUARDED_AVAILABILITY = YES_AGGRESSIVE;
				CLANG_WARN_UNREACHABLE_CODE = YES;
				CLANG_WARN__DUPLICATE_METHOD_MATCH = YES;
				COPY_PHASE_STRIP = NO;
				DEBUG_INFORMATION_FORMAT = "dwarf-with-dsym";
				ENABLE_NS_ASSERTIONS = NO;
				ENABLE_STRICT_OBJC_MSGSEND = YES;
				GCC_C_LANGUAGE_STANDARD = gnu11;
				GCC_NO_COMMON_BLOCKS = YES;
				GCC_WARN_64_TO_32_BIT_CONVERSION = YES;
				GCC_WARN_ABOUT_RETURN_TYPE = YES_ERROR;
				GCC_WARN_UNDECLARED_SELECTOR = YES;
				GCC_WARN_UNINITIALIZED_AUTOS = YES_AGGRESSIVE;
				GCC_WARN_UNUSED_FUNCTION = YES;
				GCC_WARN_UNUSED_VARIABLE = YES;
				IPHONEOS_DEPLOYMENT_TARGET = 15.2;
				MTL_ENABLE_DEBUG_INFO = NO;
				MTL_FAST_MATH = YES;
				SDKROOT = iphoneos;
				SWIFT_COMPILATION_MODE = wholemodule;
				SWIFT_OPTIMIZATION_LEVEL = "-O";
				VALIDATE_PRODUCT = YES;
			};
			name = Release;
		};
		27EC72AB27C827D4006CCAF7 /* Debug */ = {
			isa = XCBuildConfiguration;
			buildSettings = {
				ASSETCATALOG_COMPILER_APPICON_NAME = AppIcon;
				ASSETCATALOG_COMPILER_GLOBAL_ACCENT_COLOR_NAME = AccentColor;
				CODE_SIGN_STYLE = Automatic;
				CURRENT_PROJECT_VERSION = 1;
				DEVELOPMENT_TEAM = STPQWWSTUB;
				GENERATE_INFOPLIST_FILE = YES;
				INFOPLIST_FILE = Hunt/Info.plist;
				INFOPLIST_KEY_UIApplicationSupportsIndirectInputEvents = YES;
				INFOPLIST_KEY_UILaunchStoryboardName = LaunchScreen;
				INFOPLIST_KEY_UIMainStoryboardFile = Main;
				INFOPLIST_KEY_UISupportedInterfaceOrientations_iPad = "UIInterfaceOrientationPortrait UIInterfaceOrientationPortraitUpsideDown UIInterfaceOrientationLandscapeLeft UIInterfaceOrientationLandscapeRight";
				INFOPLIST_KEY_UISupportedInterfaceOrientations_iPhone = "UIInterfaceOrientationPortrait UIInterfaceOrientationLandscapeLeft UIInterfaceOrientationLandscapeRight";
				LD_RUNPATH_SEARCH_PATHS = (
					"$(inherited)",
					"@executable_path/Frameworks",
				);
				MARKETING_VERSION = 1.0;
				PRODUCT_BUNDLE_IDENTIFIER = RB.Hunt;
				PRODUCT_NAME = "$(TARGET_NAME)";
				SWIFT_EMIT_LOC_STRINGS = YES;
				SWIFT_VERSION = 5.0;
				TARGETED_DEVICE_FAMILY = "1,2";
			};
			name = Debug;
		};
		27EC72AC27C827D4006CCAF7 /* Release */ = {
			isa = XCBuildConfiguration;
			buildSettings = {
				ASSETCATALOG_COMPILER_APPICON_NAME = AppIcon;
				ASSETCATALOG_COMPILER_GLOBAL_ACCENT_COLOR_NAME = AccentColor;
				CODE_SIGN_STYLE = Automatic;
				CURRENT_PROJECT_VERSION = 1;
				DEVELOPMENT_TEAM = STPQWWSTUB;
				GENERATE_INFOPLIST_FILE = YES;
				INFOPLIST_FILE = Hunt/Info.plist;
				INFOPLIST_KEY_UIApplicationSupportsIndirectInputEvents = YES;
				INFOPLIST_KEY_UILaunchStoryboardName = LaunchScreen;
				INFOPLIST_KEY_UIMainStoryboardFile = Main;
				INFOPLIST_KEY_UISupportedInterfaceOrientations_iPad = "UIInterfaceOrientationPortrait UIInterfaceOrientationPortraitUpsideDown UIInterfaceOrientationLandscapeLeft UIInterfaceOrientationLandscapeRight";
				INFOPLIST_KEY_UISupportedInterfaceOrientations_iPhone = "UIInterfaceOrientationPortrait UIInterfaceOrientationLandscapeLeft UIInterfaceOrientationLandscapeRight";
				LD_RUNPATH_SEARCH_PATHS = (
					"$(inherited)",
					"@executable_path/Frameworks",
				);
				MARKETING_VERSION = 1.0;
				PRODUCT_BUNDLE_IDENTIFIER = RB.Hunt;
				PRODUCT_NAME = "$(TARGET_NAME)";
				SWIFT_EMIT_LOC_STRINGS = YES;
				SWIFT_VERSION = 5.0;
				TARGETED_DEVICE_FAMILY = "1,2";
			};
			name = Release;
		};
		27EC72AE27C827D4006CCAF7 /* Debug */ = {
			isa = XCBuildConfiguration;
			buildSettings = {
				ALWAYS_EMBED_SWIFT_STANDARD_LIBRARIES = YES;
				BUNDLE_LOADER = "$(TEST_HOST)";
				CODE_SIGN_STYLE = Automatic;
				CURRENT_PROJECT_VERSION = 1;
				DEVELOPMENT_TEAM = STPQWWSTUB;
				GENERATE_INFOPLIST_FILE = YES;
				IPHONEOS_DEPLOYMENT_TARGET = 15.2;
				MARKETING_VERSION = 1.0;
				PRODUCT_BUNDLE_IDENTIFIER = RB.HuntTests;
				PRODUCT_NAME = "$(TARGET_NAME)";
				SWIFT_EMIT_LOC_STRINGS = NO;
				SWIFT_VERSION = 5.0;
				TARGETED_DEVICE_FAMILY = "1,2";
				TEST_HOST = "$(BUILT_PRODUCTS_DIR)/Hunt.app/Hunt";
			};
			name = Debug;
		};
		27EC72AF27C827D4006CCAF7 /* Release */ = {
			isa = XCBuildConfiguration;
			buildSettings = {
				ALWAYS_EMBED_SWIFT_STANDARD_LIBRARIES = YES;
				BUNDLE_LOADER = "$(TEST_HOST)";
				CODE_SIGN_STYLE = Automatic;
				CURRENT_PROJECT_VERSION = 1;
				DEVELOPMENT_TEAM = STPQWWSTUB;
				GENERATE_INFOPLIST_FILE = YES;
				IPHONEOS_DEPLOYMENT_TARGET = 15.2;
				MARKETING_VERSION = 1.0;
				PRODUCT_BUNDLE_IDENTIFIER = RB.HuntTests;
				PRODUCT_NAME = "$(TARGET_NAME)";
				SWIFT_EMIT_LOC_STRINGS = NO;
				SWIFT_VERSION = 5.0;
				TARGETED_DEVICE_FAMILY = "1,2";
				TEST_HOST = "$(BUILT_PRODUCTS_DIR)/Hunt.app/Hunt";
			};
			name = Release;
		};
		27EC72B127C827D4006CCAF7 /* Debug */ = {
			isa = XCBuildConfiguration;
			buildSettings = {
				ALWAYS_EMBED_SWIFT_STANDARD_LIBRARIES = YES;
				CODE_SIGN_STYLE = Automatic;
				CURRENT_PROJECT_VERSION = 1;
				DEVELOPMENT_TEAM = STPQWWSTUB;
				GENERATE_INFOPLIST_FILE = YES;
				MARKETING_VERSION = 1.0;
				PRODUCT_BUNDLE_IDENTIFIER = RB.HuntUITests;
				PRODUCT_NAME = "$(TARGET_NAME)";
				SWIFT_EMIT_LOC_STRINGS = NO;
				SWIFT_VERSION = 5.0;
				TARGETED_DEVICE_FAMILY = "1,2";
				TEST_TARGET_NAME = Hunt;
			};
			name = Debug;
		};
		27EC72B227C827D4006CCAF7 /* Release */ = {
			isa = XCBuildConfiguration;
			buildSettings = {
				ALWAYS_EMBED_SWIFT_STANDARD_LIBRARIES = YES;
				CODE_SIGN_STYLE = Automatic;
				CURRENT_PROJECT_VERSION = 1;
				DEVELOPMENT_TEAM = STPQWWSTUB;
				GENERATE_INFOPLIST_FILE = YES;
				MARKETING_VERSION = 1.0;
				PRODUCT_BUNDLE_IDENTIFIER = RB.HuntUITests;
				PRODUCT_NAME = "$(TARGET_NAME)";
				SWIFT_EMIT_LOC_STRINGS = NO;
				SWIFT_VERSION = 5.0;
				TARGETED_DEVICE_FAMILY = "1,2";
				TEST_TARGET_NAME = Hunt;
			};
			name = Release;
		};
/* End XCBuildConfiguration section */

/* Begin XCConfigurationList section */
		27EC727B27C827D1006CCAF7 /* Build configuration list for PBXProject "Hunt" */ = {
			isa = XCConfigurationList;
			buildConfigurations = (
				27EC72A827C827D4006CCAF7 /* Debug */,
				27EC72A927C827D4006CCAF7 /* Release */,
			);
			defaultConfigurationIsVisible = 0;
			defaultConfigurationName = Release;
		};
		27EC72AA27C827D4006CCAF7 /* Build configuration list for PBXNativeTarget "Hunt" */ = {
			isa = XCConfigurationList;
			buildConfigurations = (
				27EC72AB27C827D4006CCAF7 /* Debug */,
				27EC72AC27C827D4006CCAF7 /* Release */,
			);
			defaultConfigurationIsVisible = 0;
			defaultConfigurationName = Release;
		};
		27EC72AD27C827D4006CCAF7 /* Build configuration list for PBXNativeTarget "HuntTests" */ = {
			isa = XCConfigurationList;
			buildConfigurations = (
				27EC72AE27C827D4006CCAF7 /* Debug */,
				27EC72AF27C827D4006CCAF7 /* Release */,
			);
			defaultConfigurationIsVisible = 0;
			defaultConfigurationName = Release;
		};
		27EC72B027C827D4006CCAF7 /* Build configuration list for PBXNativeTarget "HuntUITests" */ = {
			isa = XCConfigurationList;
			buildConfigurations = (
				27EC72B127C827D4006CCAF7 /* Debug */,
				27EC72B227C827D4006CCAF7 /* Release */,
			);
			defaultConfigurationIsVisible = 0;
			defaultConfigurationName = Release;
		};
/* End XCConfigurationList section */
	};
	rootObject = 27EC727827C827D1006CCAF7 /* Project object */;
}
